
Microsoft Visual Studio Solution File, Format Version 11.00
# Visual C++ Express 2010
Project("{8BC9CEB8-8B4A-11D0-8D11-00A0C91BC942}") = "test", "test\test.vcxproj", "{2D319E52-90D1-46ED-A0E6-E678CBBBA658}"
EndProject
Global
	GlobalSection(SolutionConfigurationPlatforms) = preSolution
		Debug|Win32 = Debug|Win32
		Release|Win32 = Release|Win32
	EndGlobalSection
	GlobalSection(ProjectConfigurationPlatforms) = postSolution
		{2D319E52-90D1-46ED-A0E6-E678CBBBA658}.Debug|Win32.ActiveCfg = Debug|Win32
		{2D319E52-90D1-46ED-A0E6-E678CBBBA658}.Debug|Win32.Build.0 = Debug|Win32
		{2D319E52-90D1-46ED-A0E6-E678CBBBA658}.Release|Win32.ActiveCfg = Release|Win32
		{2D319E52-90D1-46ED-A0E6-E678CBBBA658}.Release|Win32.Build.0 = Release|Win32
	EndGlobalSection
	GlobalSection(SolutionProperties) = preSolution
		HideSolutionNode = FALSE
	EndGlobalSection
EndGlobal
